{
  "name": "fullapplms",
  "lockfileVersion": 3,
  "requires": true,
  "packages": {
    "": {
      "dependencies": {
        "media-chrome": "^4.17.2"
      }
    },
    "node_modules/ce-la-react": {
      "version": "0.3.2",
      "resolved": "https://registry.npmjs.org/ce-la-react/-/ce-la-react-0.3.2.tgz",
      "integrity": "sha512-QJ6k4lOD/btI08xG8jBPxRCGXvCnusGGkTsiXk0u3NqUu/W+BXRnFD4PYjwtqh8AWmGa5LDbGk0fLQsqr0nSMA==",
      "license": "BSD-3-Clause",
      "peerDependencies": {
        "react": ">=17.0.0"
      }
    },
    "node_modules/media-chrome": {
      "version": "4.17.2",
      "resolved": "https://registry.npmjs.org/media-chrome/-/media-chrome-4.17.2.tgz",
      "integrity": "sha512-o/IgiHx0tdSVwRxxqF5H12FK31A/A8T71sv3KdAvh7b6XeBS9dXwqvIFwlR9kdEuqg3n7xpmRIuL83rmYq8FTg==",
      "license": "MIT",
      "dependencies": {
        "ce-la-react": "^0.3.2"
      }
    },
    "node_modules/react": {
      "version": "19.2.4",
      "resolved": "https://registry.npmjs.org/react/-/react-19.2.4.tgz",
      "integrity": "sha512-9nfp2hYpCwOjAN+8TZFGhtWEwgvWHXqESH8qT89AT/lWklpLON22Lc8pEtnpsZz7VmawabSU0gCjnj8aC0euHQ==",
      "license": "MIT",
      "peer": true,
      "engines": {
        "node": ">=0.10.0"
      }
    }
  }
}
